
Microsoft Visual Studio Solution File, Format Version 12.00
# Visual Studio Version 16
VisualStudioVersion = 16.0.29318.209
MinimumVisualStudioVersion = 15.0.26124.0
Project("{9A19103F-16F7-4668-BE54-9A1E7A4F7556}") = "Adsboard.Api", "..\Adsboard.Api\src\Adsboard.Api\Adsboard.Api.csproj", "{48205644-961D-45F3-AE70-44E3B9C32B85}"
EndProject
Project("{9A19103F-16F7-4668-BE54-9A1E7A4F7556}") = "Adsboard.Common", "..\Adsboard.Common\src\Adsboard.Common\Adsboard.Common.csproj", "{B6035896-6B71-42FB-B338-4359CD0CDC21}"
EndProject
Project("{9A19103F-16F7-4668-BE54-9A1E7A4F7556}") = "Adsboard.Services.Identity", "..\Adsboard.Identity\src\Adsboard.Identity\Adsboard.Services.Identity.csproj", "{5AE91A71-35FF-4A03-998A-1DC41E84B601}"
EndProject
Project("{9A19103F-16F7-4668-BE54-9A1E7A4F7556}") = "Adsboard.Services.Users", "..\Adsboard.Services.Users\Adsboard.Services.Users.csproj", "{41CA55F3-D447-4E7B-9DC2-117A86B08064}"
EndProject
Project("{9A19103F-16F7-4668-BE54-9A1E7A4F7556}") = "Adsboard.Services.Operations", "..\Adsboard.Services.Operations\src\Adsboard.Services.Operations\Adsboard.Services.Operations.csproj", "{F36F8186-8019-48BB-B996-F3D8397F5AEA}"
	ProjectSection(ProjectDependencies) = postProject
		{B6035896-6B71-42FB-B338-4359CD0CDC21} = {B6035896-6B71-42FB-B338-4359CD0CDC21}
	EndProjectSection
EndProject
Project("{9A19103F-16F7-4668-BE54-9A1E7A4F7556}") = "Adsboard.Services.Adverts", "..\Adsboard.Services.Adverts\src\Adsboard.Services.Adverts\Adsboard.Services.Adverts.csproj", "{0AA0DFC6-81B7-4FD0-88DD-DF258992E9B6}"
EndProject
Project("{FAE04EC0-301F-11D3-BF4B-00C04F79EFBC}") = "Adsboard.Services.Adverts.IntegrationTests", "..\Adsboard.Services.Adverts\test\Adsboard.Services.Adverts.IntegrationTests\Adsboard.Services.Adverts.IntegrationTests.csproj", "{14195EA8-78BA-4811-9701-2C6B7BEF0047}"
EndProject
Project("{FAE04EC0-301F-11D3-BF4B-00C04F79EFBC}") = "Adsboard.Services.Categories", "..\Adsboard.Services.Categories\src\Adsboard.Services.Categories\Adsboard.Services.Categories.csproj", "{20310C3A-1DAE-4414-9AEF-A15AAE33E408}"
EndProject
Global
	GlobalSection(SolutionConfigurationPlatforms) = preSolution
		Debug|Any CPU = Debug|Any CPU
		Debug|x64 = Debug|x64
		Debug|x86 = Debug|x86
		Release|Any CPU = Release|Any CPU
		Release|x64 = Release|x64
		Release|x86 = Release|x86
	EndGlobalSection
	GlobalSection(ProjectConfigurationPlatforms) = postSolution
		{48205644-961D-45F3-AE70-44E3B9C32B85}.Debug|Any CPU.ActiveCfg = Debug|Any CPU
		{48205644-961D-45F3-AE70-44E3B9C32B85}.Debug|Any CPU.Build.0 = Debug|Any CPU
		{48205644-961D-45F3-AE70-44E3B9C32B85}.Debug|x64.ActiveCfg = Debug|Any CPU
		{48205644-961D-45F3-AE70-44E3B9C32B85}.Debug|x64.Build.0 = Debug|Any CPU
		{48205644-961D-45F3-AE70-44E3B9C32B85}.Debug|x86.ActiveCfg = Debug|Any CPU
		{48205644-961D-45F3-AE70-44E3B9C32B85}.Debug|x86.Build.0 = Debug|Any CPU
		{48205644-961D-45F3-AE70-44E3B9C32B85}.Release|Any CPU.ActiveCfg = Release|Any CPU
		{48205644-961D-45F3-AE70-44E3B9C32B85}.Release|Any CPU.Build.0 = Release|Any CPU
		{48205644-961D-45F3-AE70-44E3B9C32B85}.Release|x64.ActiveCfg = Release|Any CPU
		{48205644-961D-45F3-AE70-44E3B9C32B85}.Release|x64.Build.0 = Release|Any CPU
		{48205644-961D-45F3-AE70-44E3B9C32B85}.Release|x86.ActiveCfg = Release|Any CPU
		{48205644-961D-45F3-AE70-44E3B9C32B85}.Release|x86.Build.0 = Release|Any CPU
		{B6035896-6B71-42FB-B338-4359CD0CDC21}.Debug|Any CPU.ActiveCfg = Debug|Any CPU
		{B6035896-6B71-42FB-B338-4359CD0CDC21}.Debug|Any CPU.Build.0 = Debug|Any CPU
		{B6035896-6B71-42FB-B338-4359CD0CDC21}.Debug|x64.ActiveCfg = Debug|Any CPU
		{B6035896-6B71-42FB-B338-4359CD0CDC21}.Debug|x64.Build.0 = Debug|Any CPU
		{B6035896-6B71-42FB-B338-4359CD0CDC21}.Debug|x86.ActiveCfg = Debug|Any CPU
		{B6035896-6B71-42FB-B338-4359CD0CDC21}.Debug|x86.Build.0 = Debug|Any CPU
		{B6035896-6B71-42FB-B338-4359CD0CDC21}.Release|Any CPU.ActiveCfg = Release|Any CPU
		{B6035896-6B71-42FB-B338-4359CD0CDC21}.Release|Any CPU.Build.0 = Release|Any CPU
		{B6035896-6B71-42FB-B338-4359CD0CDC21}.Release|x64.ActiveCfg = Release|Any CPU
		{B6035896-6B71-42FB-B338-4359CD0CDC21}.Release|x64.Build.0 = Release|Any CPU
		{B6035896-6B71-42FB-B338-4359CD0CDC21}.Release|x86.ActiveCfg = Release|Any CPU
		{B6035896-6B71-42FB-B338-4359CD0CDC21}.Release|x86.Build.0 = Release|Any CPU
		{5AE91A71-35FF-4A03-998A-1DC41E84B601}.Debug|Any CPU.ActiveCfg = Debug|Any CPU
		{5AE91A71-35FF-4A03-998A-1DC41E84B601}.Debug|Any CPU.Build.0 = Debug|Any CPU
		{5AE91A71-35FF-4A03-998A-1DC41E84B601}.Debug|x64.ActiveCfg = Debug|Any CPU
		{5AE91A71-35FF-4A03-998A-1DC41E84B601}.Debug|x64.Build.0 = Debug|Any CPU
		{5AE91A71-35FF-4A03-998A-1DC41E84B601}.Debug|x86.ActiveCfg = Debug|Any CPU
		{5AE91A71-35FF-4A03-998A-1DC41E84B601}.Debug|x86.Build.0 = Debug|Any CPU
		{5AE91A71-35FF-4A03-998A-1DC41E84B601}.Release|Any CPU.ActiveCfg = Release|Any CPU
		{5AE91A71-35FF-4A03-998A-1DC41E84B601}.Release|Any CPU.Build.0 = Release|Any CPU
		{5AE91A71-35FF-4A03-998A-1DC41E84B601}.Release|x64.ActiveCfg = Release|Any CPU
		{5AE91A71-35FF-4A03-998A-1DC41E84B601}.Release|x64.Build.0 = Release|Any CPU
		{5AE91A71-35FF-4A03-998A-1DC41E84B601}.Release|x86.ActiveCfg = Release|Any CPU
		{5AE91A71-35FF-4A03-998A-1DC41E84B601}.Release|x86.Build.0 = Release|Any CPU
		{41CA55F3-D447-4E7B-9DC2-117A86B08064}.Debug|Any CPU.ActiveCfg = Debug|Any CPU
		{41CA55F3-D447-4E7B-9DC2-117A86B08064}.Debug|Any CPU.Build.0 = Debug|Any CPU
		{41CA55F3-D447-4E7B-9DC2-117A86B08064}.Debug|x64.ActiveCfg = Debug|Any CPU
		{41CA55F3-D447-4E7B-9DC2-117A86B08064}.Debug|x64.Build.0 = Debug|Any CPU
		{41CA55F3-D447-4E7B-9DC2-117A86B08064}.Debug|x86.ActiveCfg = Debug|Any CPU
		{41CA55F3-D447-4E7B-9DC2-117A86B08064}.Debug|x86.Build.0 = Debug|Any CPU
		{41CA55F3-D447-4E7B-9DC2-117A86B08064}.Release|Any CPU.ActiveCfg = Release|Any CPU
		{41CA55F3-D447-4E7B-9DC2-117A86B08064}.Release|Any CPU.Build.0 = Release|Any CPU
		{41CA55F3-D447-4E7B-9DC2-117A86B08064}.Release|x64.ActiveCfg = Release|Any CPU
		{41CA55F3-D447-4E7B-9DC2-117A86B08064}.Release|x64.Build.0 = Release|Any CPU
		{41CA55F3-D447-4E7B-9DC2-117A86B08064}.Release|x86.ActiveCfg = Release|Any CPU
		{41CA55F3-D447-4E7B-9DC2-117A86B08064}.Release|x86.Build.0 = Release|Any CPU
		{F36F8186-8019-48BB-B996-F3D8397F5AEA}.Debug|Any CPU.ActiveCfg = Debug|Any CPU
		{F36F8186-8019-48BB-B996-F3D8397F5AEA}.Debug|Any CPU.Build.0 = Debug|Any CPU
		{F36F8186-8019-48BB-B996-F3D8397F5AEA}.Debug|x64.ActiveCfg = Debug|Any CPU
		{F36F8186-8019-48BB-B996-F3D8397F5AEA}.Debug|x64.Build.0 = Debug|Any CPU
		{F36F8186-8019-48BB-B996-F3D8397F5AEA}.Debug|x86.ActiveCfg = Debug|Any CPU
		{F36F8186-8019-48BB-B996-F3D8397F5AEA}.Debug|x86.Build.0 = Debug|Any CPU
		{F36F8186-8019-48BB-B996-F3D8397F5AEA}.Release|Any CPU.ActiveCfg = Release|Any CPU
		{F36F8186-8019-48BB-B996-F3D8397F5AEA}.Release|Any CPU.Build.0 = Release|Any CPU
		{F36F8186-8019-48BB-B996-F3D8397F5AEA}.Release|x64.ActiveCfg = Release|Any CPU
		{F36F8186-8019-48BB-B996-F3D8397F5AEA}.Release|x64.Build.0 = Release|Any CPU
		{F36F8186-8019-48BB-B996-F3D8397F5AEA}.Release|x86.ActiveCfg = Release|Any CPU
		{F36F8186-8019-48BB-B996-F3D8397F5AEA}.Release|x86.Build.0 = Release|Any CPU
		{0AA0DFC6-81B7-4FD0-88DD-DF258992E9B6}.Debug|Any CPU.ActiveCfg = Debug|Any CPU
		{0AA0DFC6-81B7-4FD0-88DD-DF258992E9B6}.Debug|Any CPU.Build.0 = Debug|Any CPU
		{0AA0DFC6-81B7-4FD0-88DD-DF258992E9B6}.Debug|x64.ActiveCfg = Debug|Any CPU
		{0AA0DFC6-81B7-4FD0-88DD-DF258992E9B6}.Debug|x64.Build.0 = Debug|Any CPU
		{0AA0DFC6-81B7-4FD0-88DD-DF258992E9B6}.Debug|x86.ActiveCfg = Debug|Any CPU
		{0AA0DFC6-81B7-4FD0-88DD-DF258992E9B6}.Debug|x86.Build.0 = Debug|Any CPU
		{0AA0DFC6-81B7-4FD0-88DD-DF258992E9B6}.Release|Any CPU.ActiveCfg = Release|Any CPU
		{0AA0DFC6-81B7-4FD0-88DD-DF258992E9B6}.Release|Any CPU.Build.0 = Release|Any CPU
		{0AA0DFC6-81B7-4FD0-88DD-DF258992E9B6}.Release|x64.ActiveCfg = Release|Any CPU
		{0AA0DFC6-81B7-4FD0-88DD-DF258992E9B6}.Release|x64.Build.0 = Release|Any CPU
		{0AA0DFC6-81B7-4FD0-88DD-DF258992E9B6}.Release|x86.ActiveCfg = Release|Any CPU
		{0AA0DFC6-81B7-4FD0-88DD-DF258992E9B6}.Release|x86.Build.0 = Release|Any CPU
		{14195EA8-78BA-4811-9701-2C6B7BEF0047}.Debug|Any CPU.ActiveCfg = Debug|Any CPU
		{14195EA8-78BA-4811-9701-2C6B7BEF0047}.Debug|Any CPU.Build.0 = Debug|Any CPU
		{14195EA8-78BA-4811-9701-2C6B7BEF0047}.Debug|x64.ActiveCfg = Debug|Any CPU
		{14195EA8-78BA-4811-9701-2C6B7BEF0047}.Debug|x64.Build.0 = Debug|Any CPU
		{14195EA8-78BA-4811-9701-2C6B7BEF0047}.Debug|x86.ActiveCfg = Debug|Any CPU
		{14195EA8-78BA-4811-9701-2C6B7BEF0047}.Debug|x86.Build.0 = Debug|Any CPU
		{14195EA8-78BA-4811-9701-2C6B7BEF0047}.Release|Any CPU.ActiveCfg = Release|Any CPU
		{14195EA8-78BA-4811-9701-2C6B7BEF0047}.Release|Any CPU.Build.0 = Release|Any CPU
		{14195EA8-78BA-4811-9701-2C6B7BEF0047}.Release|x64.ActiveCfg = Release|Any CPU
		{14195EA8-78BA-4811-9701-2C6B7BEF0047}.Release|x64.Build.0 = Release|Any CPU
		{14195EA8-78BA-4811-9701-2C6B7BEF0047}.Release|x86.ActiveCfg = Release|Any CPU
		{14195EA8-78BA-4811-9701-2C6B7BEF0047}.Release|x86.Build.0 = Release|Any CPU
		{20310C3A-1DAE-4414-9AEF-A15AAE33E408}.Debug|Any CPU.ActiveCfg = Debug|Any CPU
		{20310C3A-1DAE-4414-9AEF-A15AAE33E408}.Debug|Any CPU.Build.0 = Debug|Any CPU
		{20310C3A-1DAE-4414-9AEF-A15AAE33E408}.Debug|x64.ActiveCfg = Debug|Any CPU
		{20310C3A-1DAE-4414-9AEF-A15AAE33E408}.Debug|x64.Build.0 = Debug|Any CPU
		{20310C3A-1DAE-4414-9AEF-A15AAE33E408}.Debug|x86.ActiveCfg = Debug|Any CPU
		{20310C3A-1DAE-4414-9AEF-A15AAE33E408}.Debug|x86.Build.0 = Debug|Any CPU
		{20310C3A-1DAE-4414-9AEF-A15AAE33E408}.Release|Any CPU.ActiveCfg = Release|Any CPU
		{20310C3A-1DAE-4414-9AEF-A15AAE33E408}.Release|Any CPU.Build.0 = Release|Any CPU
		{20310C3A-1DAE-4414-9AEF-A15AAE33E408}.Release|x64.ActiveCfg = Release|Any CPU
		{20310C3A-1DAE-4414-9AEF-A15AAE33E408}.Release|x64.Build.0 = Release|Any CPU
		{20310C3A-1DAE-4414-9AEF-A15AAE33E408}.Release|x86.ActiveCfg = Release|Any CPU
		{20310C3A-1DAE-4414-9AEF-A15AAE33E408}.Release|x86.Build.0 = Release|Any CPU
	EndGlobalSection
	GlobalSection(SolutionProperties) = preSolution
		HideSolutionNode = FALSE
	EndGlobalSection
	GlobalSection(ExtensibilityGlobals) = postSolution
		SolutionGuid = {86A4C416-9D95-4671-A4E6-E5C5C2417C85}
	EndGlobalSection
EndGlobal
