
Microsoft Visual Studio Solution File, Format Version 12.00
# Visual Studio 15
VisualStudioVersion = 15.0.26124.0
MinimumVisualStudioVersion = 15.0.26124.0
Project("{2150E333-8FDC-42A3-9474-1A3956D46DE8}") = "src", "src", "{8C316212-31B9-4E7A-96A0-CB9D179BE572}"
EndProject
Project("{FAE04EC0-301F-11D3-BF4B-00C04F79EFBC}") = "Adsboard.Identity", "src\Adsboard.Identity\Adsboard.Identity.csproj", "{F7DD7739-869E-4B5F-9523-D0EC60F9C256}"
EndProject
Global
	GlobalSection(SolutionConfigurationPlatforms) = preSolution
		Debug|Any CPU = Debug|Any CPU
		Debug|x64 = Debug|x64
		Debug|x86 = Debug|x86
		Release|Any CPU = Release|Any CPU
		Release|x64 = Release|x64
		Release|x86 = Release|x86
	EndGlobalSection
	GlobalSection(SolutionProperties) = preSolution
		HideSolutionNode = FALSE
	EndGlobalSection
	GlobalSection(ProjectConfigurationPlatforms) = postSolution
		{F7DD7739-869E-4B5F-9523-D0EC60F9C256}.Debug|Any CPU.ActiveCfg = Debug|Any CPU
		{F7DD7739-869E-4B5F-9523-D0EC60F9C256}.Debug|Any CPU.Build.0 = Debug|Any CPU
		{F7DD7739-869E-4B5F-9523-D0EC60F9C256}.Debug|x64.ActiveCfg = Debug|Any CPU
		{F7DD7739-869E-4B5F-9523-D0EC60F9C256}.Debug|x64.Build.0 = Debug|Any CPU
		{F7DD7739-869E-4B5F-9523-D0EC60F9C256}.Debug|x86.ActiveCfg = Debug|Any CPU
		{F7DD7739-869E-4B5F-9523-D0EC60F9C256}.Debug|x86.Build.0 = Debug|Any CPU
		{F7DD7739-869E-4B5F-9523-D0EC60F9C256}.Release|Any CPU.ActiveCfg = Release|Any CPU
		{F7DD7739-869E-4B5F-9523-D0EC60F9C256}.Release|Any CPU.Build.0 = Release|Any CPU
		{F7DD7739-869E-4B5F-9523-D0EC60F9C256}.Release|x64.ActiveCfg = Release|Any CPU
		{F7DD7739-869E-4B5F-9523-D0EC60F9C256}.Release|x64.Build.0 = Release|Any CPU
		{F7DD7739-869E-4B5F-9523-D0EC60F9C256}.Release|x86.ActiveCfg = Release|Any CPU
		{F7DD7739-869E-4B5F-9523-D0EC60F9C256}.Release|x86.Build.0 = Release|Any CPU
	EndGlobalSection
	GlobalSection(NestedProjects) = preSolution
		{F7DD7739-869E-4B5F-9523-D0EC60F9C256} = {8C316212-31B9-4E7A-96A0-CB9D179BE572}
	EndGlobalSection
EndGlobal
